
Microsoft Visual Studio Solution File, Format Version 12.00
# Visual Studio 15
VisualStudioVersion = 15.0.28307.271
MinimumVisualStudioVersion = 10.0.40219.1
Project("{9A19103F-16F7-4668-BE54-9A1E7A4F7556}") = "AltQuery", "src\AltQuery\AltQuery.csproj", "{3BA940FB-BDA9-4DE4-BA96-89889C69B162}"
EndProject
Project("{9A19103F-16F7-4668-BE54-9A1E7A4F7556}") = "AltQuery.UnitTests", "tests\AltQuery.UnitTests\AltQuery.UnitTests.csproj", "{B31563AF-05F0-418A-AB88-5D83079FBDA9}"
EndProject
Global
	GlobalSection(SolutionConfigurationPlatforms) = preSolution
		Debug|Any CPU = Debug|Any CPU
		Release|Any CPU = Release|Any CPU
	EndGlobalSection
	GlobalSection(ProjectConfigurationPlatforms) = postSolution
		{3BA940FB-BDA9-4DE4-BA96-89889C69B162}.Debug|Any CPU.ActiveCfg = Debug|Any CPU
		{3BA940FB-BDA9-4DE4-BA96-89889C69B162}.Debug|Any CPU.Build.0 = Debug|Any CPU
		{3BA940FB-BDA9-4DE4-BA96-89889C69B162}.Release|Any CPU.ActiveCfg = Release|Any CPU
		{3BA940FB-BDA9-4DE4-BA96-89889C69B162}.Release|Any CPU.Build.0 = Release|Any CPU
		{B31563AF-05F0-418A-AB88-5D83079FBDA9}.Debug|Any CPU.ActiveCfg = Debug|Any CPU
		{B31563AF-05F0-418A-AB88-5D83079FBDA9}.Debug|Any CPU.Build.0 = Debug|Any CPU
		{B31563AF-05F0-418A-AB88-5D83079FBDA9}.Release|Any CPU.ActiveCfg = Release|Any CPU
		{B31563AF-05F0-418A-AB88-5D83079FBDA9}.Release|Any CPU.Build.0 = Release|Any CPU
	EndGlobalSection
	GlobalSection(SolutionProperties) = preSolution
		HideSolutionNode = FALSE
	EndGlobalSection
	GlobalSection(ExtensibilityGlobals) = postSolution
		SolutionGuid = {823642D0-E384-4FDE-B87E-16825592A9AA}
	EndGlobalSection
EndGlobal
